
Microsoft Visual Studio Solution File, Format Version 11.00
# Visual Studio 2010
Project("{FAE04EC0-301F-11D3-BF4B-00C04F79EFBC}") = "MayTinhDonGian", "MayTinhDonGian\MayTinhDonGian.csproj", "{B10139AD-288A-41AE-B83F-8B0B06EB7785}"
EndProject
Global
	GlobalSection(SolutionConfigurationPlatforms) = preSolution
		Debug|x86 = Debug|x86
		Release|x86 = Release|x86
	EndGlobalSection
	GlobalSection(ProjectConfigurationPlatforms) = postSolution
		{B10139AD-288A-41AE-B83F-8B0B06EB7785}.Debug|x86.ActiveCfg = Debug|x86
		{B10139AD-288A-41AE-B83F-8B0B06EB7785}.Debug|x86.Build.0 = Debug|x86
		{B10139AD-288A-41AE-B83F-8B0B06EB7785}.Release|x86.ActiveCfg = Release|x86
		{B10139AD-288A-41AE-B83F-8B0B06EB7785}.Release|x86.Build.0 = Release|x86
	EndGlobalSection
	GlobalSection(SolutionProperties) = preSolution
		HideSolutionNode = FALSE
	EndGlobalSection
EndGlobal
